
Microsoft Visual Studio Solution File, Format Version 12.00
# Visual Studio Version 17
VisualStudioVersion = 17.14.36109.1 d17.14
MinimumVisualStudioVersion = 10.0.40219.1
Project("{FAE04EC0-301F-11D3-BF4B-00C04F79EFBC}") = "Homework Class04", "Homework Class04\Homework Class04.csproj", "{07119869-E44D-451B-AFB4-5C0AA5838B65}"
EndProject
Global
	GlobalSection(SolutionConfigurationPlatforms) = preSolution
		Debug|Any CPU = Debug|Any CPU
		Release|Any CPU = Release|Any CPU
	EndGlobalSection
	GlobalSection(ProjectConfigurationPlatforms) = postSolution
		{07119869-E44D-451B-AFB4-5C0AA5838B65}.Debug|Any CPU.ActiveCfg = Debug|Any CPU
		{07119869-E44D-451B-AFB4-5C0AA5838B65}.Debug|Any CPU.Build.0 = Debug|Any CPU
		{07119869-E44D-451B-AFB4-5C0AA5838B65}.Release|Any CPU.ActiveCfg = Release|Any CPU
		{07119869-E44D-451B-AFB4-5C0AA5838B65}.Release|Any CPU.Build.0 = Release|Any CPU
	EndGlobalSection
	GlobalSection(SolutionProperties) = preSolution
		HideSolutionNode = FALSE
	EndGlobalSection
	GlobalSection(ExtensibilityGlobals) = postSolution
		SolutionGuid = {679A10C2-4F03-4D5D-AD78-4A101B1045BD}
	EndGlobalSection
EndGlobal
